
Microsoft Visual Studio Solution File, Format Version 12.00
# Visual Studio 15
VisualStudioVersion = 15.0.28307.168
MinimumVisualStudioVersion = 10.0.40219.1
Project("{F184B08F-C81C-45F6-A57F-5ABD9991F28F}") = "QERP", "QERP\QERP.vbproj", "{C45D4C39-ED09-46C9-B114-83C85DE05249}"
EndProject
Global
	GlobalSection(SolutionConfigurationPlatforms) = preSolution
		Debug|Any CPU = Debug|Any CPU
		Release|Any CPU = Release|Any CPU
	EndGlobalSection
	GlobalSection(ProjectConfigurationPlatforms) = postSolution
		{C45D4C39-ED09-46C9-B114-83C85DE05249}.Debug|Any CPU.ActiveCfg = Debug|Any CPU
		{C45D4C39-ED09-46C9-B114-83C85DE05249}.Debug|Any CPU.Build.0 = Debug|Any CPU
		{C45D4C39-ED09-46C9-B114-83C85DE05249}.Release|Any CPU.ActiveCfg = Release|Any CPU
		{C45D4C39-ED09-46C9-B114-83C85DE05249}.Release|Any CPU.Build.0 = Release|Any CPU
	EndGlobalSection
	GlobalSection(SolutionProperties) = preSolution
		HideSolutionNode = FALSE
	EndGlobalSection
	GlobalSection(ExtensibilityGlobals) = postSolution
		SolutionGuid = {F105AA4E-1454-4B59-9B72-E03F489B0D4E}
	EndGlobalSection
EndGlobal
